// !$*UTF8*$!
{
	archiveVersion = 1;
	classes = {
	};
	objectVersion = 56;
	objects = {

/* Begin PBXBuildFile section */
		A0F1FE8F2C6122330037738F /* NetworkManager.swift in Sources */ = {isa = PBXBuildFile; fileRef = A0F1FE8E2C6122330037738F /* NetworkManager.swift */; };
		A0F8EBB62C60C7D900A4499E /* AppDelegate.swift in Sources */ = {isa = PBXBuildFile; fileRef = A0F8EBB52C60C7D900A4499E /* AppDelegate.swift */; };
		A0F8EBB82C60C7D900A4499E /* SceneDelegate.swift in Sources */ = {isa = PBXBuildFile; fileRef = A0F8EBB72C60C7D900A4499E /* SceneDelegate.swift */; };
		A0F8EBBA2C60C7D900A4499E /* ViewController.swift in Sources */ = {isa = PBXBuildFile; fileRef = A0F8EBB92C60C7D900A4499E /* ViewController.swift */; };
		A0F8EBBD2C60C7D900A4499E /* Main.storyboard in Resources */ = {isa = PBXBuildFile; fileRef = A0F8EBBB2C60C7D900A4499E /* Main.storyboard */; };
		A0F8EBBF2C60C7DA00A4499E /* Assets.xcassets in Resources */ = {isa = PBXBuildFile; fileRef = A0F8EBBE2C60C7DA00A4499E /* Assets.xcassets */; };
		A0F8EBC22C60C7DA00A4499E /* LaunchScreen.storyboard in Resources */ = {isa = PBXBuildFile; fileRef = A0F8EBC02C60C7DA00A4499E /* LaunchScreen.storyboard */; };
		A0F8EBCD2C60C7DA00A4499E /* MVVMDemoTests.swift in Sources */ = {isa = PBXBuildFile; fileRef = A0F8EBCC2C60C7DA00A4499E /* MVVMDemoTests.swift */; };
		A0F8EBEA2C60C87D00A4499E /* MVVMView.swift in Sources */ = {isa = PBXBuildFile; fileRef = A0F8EBE62C60C87D00A4499E /* MVVMView.swift */; };
		A0F8EBEB2C60C87D00A4499E /* MVVMViewController.swift in Sources */ = {isa = PBXBuildFile; fileRef = A0F8EBE72C60C87D00A4499E /* MVVMViewController.swift */; };
		A0F8EBEC2C60C87D00A4499E /* MVVMProtocol.swift in Sources */ = {isa = PBXBuildFile; fileRef = A0F8EBE82C60C87D00A4499E /* MVVMProtocol.swift */; };
		A0F8EBED2C60C87D00A4499E /* MVVMViewModel.swift in Sources */ = {isa = PBXBuildFile; fileRef = A0F8EBE92C60C87D00A4499E /* MVVMViewModel.swift */; };
		A0F8EBF52C60D31400A4499E /* LoginModel.swift in Sources */ = {isa = PBXBuildFile; fileRef = A0F8EBF02C60D31400A4499E /* LoginModel.swift */; };
		A0F8EBF62C60D31400A4499E /* LoginView.swift in Sources */ = {isa = PBXBuildFile; fileRef = A0F8EBF12C60D31400A4499E /* LoginView.swift */; };
		A0F8EBF72C60D31400A4499E /* LoginVC.swift in Sources */ = {isa = PBXBuildFile; fileRef = A0F8EBF22C60D31400A4499E /* LoginVC.swift */; };
		A0F8EBF82C60D31400A4499E /* LoginVM.swift in Sources */ = {isa = PBXBuildFile; fileRef = A0F8EBF32C60D31400A4499E /* LoginVM.swift */; };
		A0F8EBFC2C60E0A800A4499E /* PayVC.swift in Sources */ = {isa = PBXBuildFile; fileRef = A0F8EBFB2C60E0A800A4499E /* PayVC.swift */; };
		A0F8EBFE2C60E0B100A4499E /* PayView.swift in Sources */ = {isa = PBXBuildFile; fileRef = A0F8EBFD2C60E0B100A4499E /* PayView.swift */; };
		A0F8EC002C60E0BB00A4499E /* PayVM.swift in Sources */ = {isa = PBXBuildFile; fileRef = A0F8EBFF2C60E0BB00A4499E /* PayVM.swift */; };
		A0F8EC022C60E0C400A4499E /* PayModel.swift in Sources */ = {isa = PBXBuildFile; fileRef = A0F8EC012C60E0C400A4499E /* PayModel.swift */; };
/* End PBXBuildFile section */

/* Begin PBXContainerItemProxy section */
		A0F8EBC92C60C7DA00A4499E /* PBXContainerItemProxy */ = {
			isa = PBXContainerItemProxy;
			containerPortal = A0F8EBAA2C60C7D900A4499E /* Project object */;
			proxyType = 1;
			remoteGlobalIDString = A0F8EBB12C60C7D900A4499E;
			remoteInfo = MVVMDemo;
		};
/* End PBXContainerItemProxy section */

/* Begin PBXFileReference section */
		A0F1FE8E2C6122330037738F /* NetworkManager.swift */ = {isa = PBXFileReference; lastKnownFileType = sourcecode.swift; path = NetworkManager.swift; sourceTree = "<group>"; };
		A0F8EBB22C60C7D900A4499E /* MVVMDemo.app */ = {isa = PBXFileReference; explicitFileType = wrapper.application; includeInIndex = 0; path = MVVMDemo.app; sourceTree = BUILT_PRODUCTS_DIR; };
		A0F8EBB52C60C7D900A4499E /* AppDelegate.swift */ = {isa = PBXFileReference; lastKnownFileType = sourcecode.swift; path = AppDelegate.swift; sourceTree = "<group>"; };
		A0F8EBB72C60C7D900A4499E /* SceneDelegate.swift */ = {isa = PBXFileReference; lastKnownFileType = sourcecode.swift; path = SceneDelegate.swift; sourceTree = "<group>"; };
		A0F8EBB92C60C7D900A4499E /* ViewController.swift */ = {isa = PBXFileReference; lastKnownFileType = sourcecode.swift; path = ViewController.swift; sourceTree = "<group>"; };
		A0F8EBBC2C60C7D900A4499E /* Base */ = {isa = PBXFileReference; lastKnownFileType = file.storyboard; name = Base; path = Base.lproj/Main.storyboard; sourceTree = "<group>"; };
		A0F8EBBE2C60C7DA00A4499E /* Assets.xcassets */ = {isa = PBXFileReference; lastKnownFileType = folder.assetcatalog; path = Assets.xcassets; sourceTree = "<group>"; };
		A0F8EBC12C60C7DA00A4499E /* Base */ = {isa = PBXFileReference; lastKnownFileType = file.storyboard; name = Base; path = Base.lproj/LaunchScreen.storyboard; sourceTree = "<group>"; };
		A0F8EBC32C60C7DA00A4499E /* Info.plist */ = {isa = PBXFileReference; lastKnownFileType = text.plist.xml; path = Info.plist; sourceTree = "<group>"; };
		A0F8EBC82C60C7DA00A4499E /* MVVMDemoTests.xctest */ = {isa = PBXFileReference; explicitFileType = wrapper.cfbundle; includeInIndex = 0; path = MVVMDemoTests.xctest; sourceTree = BUILT_PRODUCTS_DIR; };
		A0F8EBCC2C60C7DA00A4499E /* MVVMDemoTests.swift */ = {isa = PBXFileReference; lastKnownFileType = sourcecode.swift; path = MVVMDemoTests.swift; sourceTree = "<group>"; };
		A0F8EBE62C60C87D00A4499E /* MVVMView.swift */ = {isa = PBXFileReference; fileEncoding = 4; lastKnownFileType = sourcecode.swift; path = MVVMView.swift; sourceTree = "<group>"; };
		A0F8EBE72C60C87D00A4499E /* MVVMViewController.swift */ = {isa = PBXFileReference; fileEncoding = 4; lastKnownFileType = sourcecode.swift; path = MVVMViewController.swift; sourceTree = "<group>"; };
		A0F8EBE82C60C87D00A4499E /* MVVMProtocol.swift */ = {isa = PBXFileReference; fileEncoding = 4; lastKnownFileType = sourcecode.swift; path = MVVMProtocol.swift; sourceTree = "<group>"; };
		A0F8EBE92C60C87D00A4499E /* MVVMViewModel.swift */ = {isa = PBXFileReference; fileEncoding = 4; lastKnownFileType = sourcecode.swift; path = MVVMViewModel.swift; sourceTree = "<group>"; };
		A0F8EBF02C60D31400A4499E /* LoginModel.swift */ = {isa = PBXFileReference; fileEncoding = 4; lastKnownFileType = sourcecode.swift; path = LoginModel.swift; sourceTree = "<group>"; };
		A0F8EBF12C60D31400A4499E /* LoginView.swift */ = {isa = PBXFileReference; fileEncoding = 4; lastKnownFileType = sourcecode.swift; path = LoginView.swift; sourceTree = "<group>"; };
		A0F8EBF22C60D31400A4499E /* LoginVC.swift */ = {isa = PBXFileReference; fileEncoding = 4; lastKnownFileType = sourcecode.swift; path = LoginVC.swift; sourceTree = "<group>"; };
		A0F8EBF32C60D31400A4499E /* LoginVM.swift */ = {isa = PBXFileReference; fileEncoding = 4; lastKnownFileType = sourcecode.swift; path = LoginVM.swift; sourceTree = "<group>"; };
		A0F8EBFB2C60E0A800A4499E /* PayVC.swift */ = {isa = PBXFileReference; lastKnownFileType = sourcecode.swift; path = PayVC.swift; sourceTree = "<group>"; };
		A0F8EBFD2C60E0B100A4499E /* PayView.swift */ = {isa = PBXFileReference; lastKnownFileType = sourcecode.swift; path = PayView.swift; sourceTree = "<group>"; };
		A0F8EBFF2C60E0BB00A4499E /* PayVM.swift */ = {isa = PBXFileReference; lastKnownFileType = sourcecode.swift; path = PayVM.swift; sourceTree = "<group>"; };
		A0F8EC012C60E0C400A4499E /* PayModel.swift */ = {isa = PBXFileReference; lastKnownFileType = sourcecode.swift; path = PayModel.swift; sourceTree = "<group>"; };
/* End PBXFileReference section */

/* Begin PBXFrameworksBuildPhase section */
		A0F8EBAF2C60C7D900A4499E /* Frameworks */ = {
			isa = PBXFrameworksBuildPhase;
			buildActionMask = 2147483647;
			files = (
			);
			runOnlyForDeploymentPostprocessing = 0;
		};
		A0F8EBC52C60C7DA00A4499E /* Frameworks */ = {
			isa = PBXFrameworksBuildPhase;
			buildActionMask = 2147483647;
			files = (
			);
			runOnlyForDeploymentPostprocessing = 0;
		};
/* End PBXFrameworksBuildPhase section */

/* Begin PBXGroup section */
		A0F1FE8D2C6122240037738F /* Managers */ = {
			isa = PBXGroup;
			children = (
				A0F1FE8E2C6122330037738F /* NetworkManager.swift */,
			);
			path = Managers;
			sourceTree = "<group>";
		};
		A0F8EBA92C60C7D900A4499E = {
			isa = PBXGroup;
			children = (
				A0F8EBB42C60C7D900A4499E /* MVVMDemo */,
				A0F8EBCB2C60C7DA00A4499E /* MVVMDemoTests */,
				A0F8EBB32C60C7D900A4499E /* Products */,
			);
			sourceTree = "<group>";
		};
		A0F8EBB32C60C7D900A4499E /* Products */ = {
			isa = PBXGroup;
			children = (
				A0F8EBB22C60C7D900A4499E /* MVVMDemo.app */,
				A0F8EBC82C60C7DA00A4499E /* MVVMDemoTests.xctest */,
			);
			name = Products;
			sourceTree = "<group>";
		};
		A0F8EBB42C60C7D900A4499E /* MVVMDemo */ = {
			isa = PBXGroup;
			children = (
				A0F8EBE52C60C87D00A4499E /* Base */,
				A0F1FE8D2C6122240037738F /* Managers */,
				A0F8EBFA2C60E07E00A4499E /* Features */,
				A0F8EBB52C60C7D900A4499E /* AppDelegate.swift */,
				A0F8EBB72C60C7D900A4499E /* SceneDelegate.swift */,
				A0F8EBB92C60C7D900A4499E /* ViewController.swift */,
				A0F8EBBB2C60C7D900A4499E /* Main.storyboard */,
				A0F8EBBE2C60C7DA00A4499E /* Assets.xcassets */,
				A0F8EBC02C60C7DA00A4499E /* LaunchScreen.storyboard */,
				A0F8EBC32C60C7DA00A4499E /* Info.plist */,
			);
			path = MVVMDemo;
			sourceTree = "<group>";
		};
		A0F8EBCB2C60C7DA00A4499E /* MVVMDemoTests */ = {
			isa = PBXGroup;
			children = (
				A0F8EBCC2C60C7DA00A4499E /* MVVMDemoTests.swift */,
			);
			path = MVVMDemoTests;
			sourceTree = "<group>";
		};
		A0F8EBE52C60C87D00A4499E /* Base */ = {
			isa = PBXGroup;
			children = (
				A0F8EBE82C60C87D00A4499E /* MVVMProtocol.swift */,
				A0F8EBE62C60C87D00A4499E /* MVVMView.swift */,
				A0F8EBE92C60C87D00A4499E /* MVVMViewModel.swift */,
				A0F8EBE72C60C87D00A4499E /* MVVMViewController.swift */,
			);
			path = Base;
			sourceTree = "<group>";
		};
		A0F8EBEE2C60D31400A4499E /* Login */ = {
			isa = PBXGroup;
			children = (
				A0F8EBF22C60D31400A4499E /* LoginVC.swift */,
				A0F8EBF12C60D31400A4499E /* LoginView.swift */,
				A0F8EBF32C60D31400A4499E /* LoginVM.swift */,
				A0F8EBF02C60D31400A4499E /* LoginModel.swift */,
			);
			path = Login;
			sourceTree = "<group>";
		};
		A0F8EBF92C60E07000A4499E /* Pay */ = {
			isa = PBXGroup;
			children = (
				A0F8EBFB2C60E0A800A4499E /* PayVC.swift */,
				A0F8EBFD2C60E0B100A4499E /* PayView.swift */,
				A0F8EBFF2C60E0BB00A4499E /* PayVM.swift */,
				A0F8EC012C60E0C400A4499E /* PayModel.swift */,
			);
			path = Pay;
			sourceTree = "<group>";
		};
		A0F8EBFA2C60E07E00A4499E /* Features */ = {
			isa = PBXGroup;
			children = (
				A0F8EBEE2C60D31400A4499E /* Login */,
				A0F8EBF92C60E07000A4499E /* Pay */,
			);
			path = Features;
			sourceTree = "<group>";
		};
/* End PBXGroup section */

/* Begin PBXNativeTarget section */
		A0F8EBB12C60C7D900A4499E /* MVVMDemo */ = {
			isa = PBXNativeTarget;
			buildConfigurationList = A0F8EBDC2C60C7DA00A4499E /* Build configuration list for PBXNativeTarget "MVVMDemo" */;
			buildPhases = (
				A0F8EBAE2C60C7D900A4499E /* Sources */,
				A0F8EBAF2C60C7D900A4499E /* Frameworks */,
				A0F8EBB02C60C7D900A4499E /* Resources */,
			);
			buildRules = (
			);
			dependencies = (
			);
			name = MVVMDemo;
			productName = MVVMDemo;
			productReference = A0F8EBB22C60C7D900A4499E /* MVVMDemo.app */;
			productType = "com.apple.product-type.application";
		};
		A0F8EBC72C60C7DA00A4499E /* MVVMDemoTests */ = {
			isa = PBXNativeTarget;
			buildConfigurationList = A0F8EBDF2C60C7DA00A4499E /* Build configuration list for PBXNativeTarget "MVVMDemoTests" */;
			buildPhases = (
				A0F8EBC42C60C7DA00A4499E /* Sources */,
				A0F8EBC52C60C7DA00A4499E /* Frameworks */,
				A0F8EBC62C60C7DA00A4499E /* Resources */,
			);
			buildRules = (
			);
			dependencies = (
				A0F8EBCA2C60C7DA00A4499E /* PBXTargetDependency */,
			);
			name = MVVMDemoTests;
			productName = MVVMDemoTests;
			productReference = A0F8EBC82C60C7DA00A4499E /* MVVMDemoTests.xctest */;
			productType = "com.apple.product-type.bundle.unit-test";
		};
/* End PBXNativeTarget section */

/* Begin PBXProject section */
		A0F8EBAA2C60C7D900A4499E /* Project object */ = {
			isa = PBXProject;
			attributes = {
				BuildIndependentTargetsInParallel = 1;
				LastSwiftUpdateCheck = 1520;
				LastUpgradeCheck = 1520;
				TargetAttributes = {
					A0F8EBB12C60C7D900A4499E = {
						CreatedOnToolsVersion = 15.2;
					};
					A0F8EBC72C60C7DA00A4499E = {
						CreatedOnToolsVersion = 15.2;
						TestTargetID = A0F8EBB12C60C7D900A4499E;
					};
				};
			};
			buildConfigurationList = A0F8EBAD2C60C7D900A4499E /* Build configuration list for PBXProject "MVVMDemo" */;
			compatibilityVersion = "Xcode 14.0";
			developmentRegion = en;
			hasScannedForEncodings = 0;
			knownRegions = (
				en,
				Base,
			);
			mainGroup = A0F8EBA92C60C7D900A4499E;
			productRefGroup = A0F8EBB32C60C7D900A4499E /* Products */;
			projectDirPath = "";
			projectRoot = "";
			targets = (
				A0F8EBB12C60C7D900A4499E /* MVVMDemo */,
				A0F8EBC72C60C7DA00A4499E /* MVVMDemoTests */,
			);
		};
/* End PBXProject section */

/* Begin PBXResourcesBuildPhase section */
		A0F8EBB02C60C7D900A4499E /* Resources */ = {
			isa = PBXResourcesBuildPhase;
			buildActionMask = 2147483647;
			files = (
				A0F8EBC22C60C7DA00A4499E /* LaunchScreen.storyboard in Resources */,
				A0F8EBBF2C60C7DA00A4499E /* Assets.xcassets in Resources */,
				A0F8EBBD2C60C7D900A4499E /* Main.storyboard in Resources */,
			);
			runOnlyForDeploymentPostprocessing = 0;
		};
		A0F8EBC62C60C7DA00A4499E /* Resources */ = {
			isa = PBXResourcesBuildPhase;
			buildActionMask = 2147483647;
			files = (
			);
			runOnlyForDeploymentPostprocessing = 0;
		};
/* End PBXResourcesBuildPhase section */

/* Begin PBXSourcesBuildPhase section */
		A0F8EBAE2C60C7D900A4499E /* Sources */ = {
			isa = PBXSourcesBuildPhase;
			buildActionMask = 2147483647;
			files = (
				A0F8EBF72C60D31400A4499E /* LoginVC.swift in Sources */,
				A0F8EC002C60E0BB00A4499E /* PayVM.swift in Sources */,
				A0F8EC022C60E0C400A4499E /* PayModel.swift in Sources */,
				A0F8EBBA2C60C7D900A4499E /* ViewController.swift in Sources */,
				A0F1FE8F2C6122330037738F /* NetworkManager.swift in Sources */,
				A0F8EBEC2C60C87D00A4499E /* MVVMProtocol.swift in Sources */,
				A0F8EBEB2C60C87D00A4499E /* MVVMViewController.swift in Sources */,
				A0F8EBFE2C60E0B100A4499E /* PayView.swift in Sources */,
				A0F8EBB62C60C7D900A4499E /* AppDelegate.swift in Sources */,
				A0F8EBFC2C60E0A800A4499E /* PayVC.swift in Sources */,
				A0F8EBF52C60D31400A4499E /* LoginModel.swift in Sources */,
				A0F8EBEA2C60C87D00A4499E /* MVVMView.swift in Sources */,
				A0F8EBB82C60C7D900A4499E /* SceneDelegate.swift in Sources */,
				A0F8EBF82C60D31400A4499E /* LoginVM.swift in Sources */,
				A0F8EBED2C60C87D00A4499E /* MVVMViewModel.swift in Sources */,
				A0F8EBF62C60D31400A4499E /* LoginView.swift in Sources */,
			);
			runOnlyForDeploymentPostprocessing = 0;
		};
		A0F8EBC42C60C7DA00A4499E /* Sources */ = {
			isa = PBXSourcesBuildPhase;
			buildActionMask = 2147483647;
			files = (
				A0F8EBCD2C60C7DA00A4499E /* MVVMDemoTests.swift in Sources */,
			);
			runOnlyForDeploymentPostprocessing = 0;
		};
/* End PBXSourcesBuildPhase section */

/* Begin PBXTargetDependency section */
		A0F8EBCA2C60C7DA00A4499E /* PBXTargetDependency */ = {
			isa = PBXTargetDependency;
			target = A0F8EBB12C60C7D900A4499E /* MVVMDemo */;
			targetProxy = A0F8EBC92C60C7DA00A4499E /* PBXContainerItemProxy */;
		};
/* End PBXTargetDependency section */

/* Begin PBXVariantGroup section */
		A0F8EBBB2C60C7D900A4499E /* Main.storyboard */ = {
			isa = PBXVariantGroup;
			children = (
				A0F8EBBC2C60C7D900A4499E /* Base */,
			);
			name = Main.storyboard;
			sourceTree = "<group>";
		};
		A0F8EBC02C60C7DA00A4499E /* LaunchScreen.storyboard */ = {
			isa = PBXVariantGroup;
			children = (
				A0F8EBC12C60C7DA00A4499E /* Base */,
			);
			name = LaunchScreen.storyboard;
			sourceTree = "<group>";
		};
/* End PBXVariantGroup section */

/* Begin XCBuildConfiguration section */
		A0F8EBDA2C60C7DA00A4499E /* Debug */ = {
			isa = XCBuildConfiguration;
			buildSettings = {
				ALWAYS_SEARCH_USER_PATHS = NO;
				ASSETCATALOG_COMPILER_GENERATE_SWIFT_ASSET_SYMBOL_EXTENSIONS = YES;
				CLANG_ANALYZER_NONNULL = YES;
				CLANG_ANALYZER_NUMBER_OBJECT_CONVERSION = YES_AGGRESSIVE;
				CLANG_CXX_LANGUAGE_STANDARD = "gnu++20";
				CLANG_ENABLE_MODULES = YES;
				CLANG_ENABLE_OBJC_ARC = YES;
				CLANG_ENABLE_OBJC_WEAK = YES;
				CLANG_WARN_BLOCK_CAPTURE_AUTORELEASING = YES;
				CLANG_WARN_BOOL_CONVERSION = YES;
				CLANG_WARN_COMMA = YES;
				CLANG_WARN_CONSTANT_CONVERSION = YES;
				CLANG_WARN_DEPRECATED_OBJC_IMPLEMENTATIONS = YES;
				CLANG_WARN_DIRECT_OBJC_ISA_USAGE = YES_ERROR;
				CLANG_WARN_DOCUMENTATION_COMMENTS = YES;
				CLANG_WARN_EMPTY_BODY = YES;
				CLANG_WARN_ENUM_CONVERSION = YES;
				CLANG_WARN_INFINITE_RECURSION = YES;
				CLANG_WARN_INT_CONVERSION = YES;
				CLANG_WARN_NON_LITERAL_NULL_CONVERSION = YES;
				CLANG_WARN_OBJC_IMPLICIT_RETAIN_SELF = YES;
				CLANG_WARN_OBJC_LITERAL_CONVERSION = YES;
				CLANG_WARN_OBJC_ROOT_CLASS = YES_ERROR;
				CLANG_WARN_QUOTED_INCLUDE_IN_FRAMEWORK_HEADER = YES;
				CLANG_WARN_RANGE_LOOP_ANALYSIS = YES;
				CLANG_WARN_STRICT_PROTOTYPES = YES;
				CLANG_WARN_SUSPICIOUS_MOVE = YES;
				CLANG_WARN_UNGUARDED_AVAILABILITY = YES_AGGRESSIVE;
				CLANG_WARN_UNREACHABLE_CODE = YES;
				CLANG_WARN__DUPLICATE_METHOD_MATCH = YES;
				COPY_PHASE_STRIP = NO;
				DEBUG_INFORMATION_FORMAT = dwarf;
				ENABLE_STRICT_OBJC_MSGSEND = YES;
				ENABLE_TESTABILITY = YES;
				ENABLE_USER_SCRIPT_SANDBOXING = YES;
				GCC_C_LANGUAGE_STANDARD = gnu17;
				GCC_DYNAMIC_NO_PIC = NO;
				GCC_NO_COMMON_BLOCKS = YES;
				GCC_OPTIMIZATION_LEVEL = 0;
				GCC_PREPROCESSOR_DEFINITIONS = (
					"DEBUG=1",
					"$(inherited)",
				);
				GCC_WARN_64_TO_32_BIT_CONVERSION = YES;
				GCC_WARN_ABOUT_RETURN_TYPE = YES_ERROR;
				GCC_WARN_UNDECLARED_SELECTOR = YES;
				GCC_WARN_UNINITIALIZED_AUTOS = YES_AGGRESSIVE;
				GCC_WARN_UNUSED_FUNCTION = YES;
				GCC_WARN_UNUSED_VARIABLE = YES;
				IPHONEOS_DEPLOYMENT_TARGET = 17.2;
				LOCALIZATION_PREFERS_STRING_CATALOGS = YES;
				MTL_ENABLE_DEBUG_INFO = INCLUDE_SOURCE;
				MTL_FAST_MATH = YES;
				ONLY_ACTIVE_ARCH = YES;
				SDKROOT = iphoneos;
				SWIFT_ACTIVE_COMPILATION_CONDITIONS = "DEBUG $(inherited)";
				SWIFT_OPTIMIZATION_LEVEL = "-Onone";
			};
			name = Debug;
		};
		A0F8EBDB2C60C7DA00A4499E /* Release */ = {
			isa = XCBuildConfiguration;
			buildSettings = {
				ALWAYS_SEARCH_USER_PATHS = NO;
				ASSETCATALOG_COMPILER_GENERATE_SWIFT_ASSET_SYMBOL_EXTENSIONS = YES;
				CLANG_ANALYZER_NONNULL = YES;
				CLANG_ANALYZER_NUMBER_OBJECT_CONVERSION = YES_AGGRESSIVE;
				CLANG_CXX_LANGUAGE_STANDARD = "gnu++20";
				CLANG_ENABLE_MODULES = YES;
				CLANG_ENABLE_OBJC_ARC = YES;
				CLANG_ENABLE_OBJC_WEAK = YES;
				CLANG_WARN_BLOCK_CAPTURE_AUTORELEASING = YES;
				CLANG_WARN_BOOL_CONVERSION = YES;
				CLANG_WARN_COMMA = YES;
				CLANG_WARN_CONSTANT_CONVERSION = YES;
				CLANG_WARN_DEPRECATED_OBJC_IMPLEMENTATIONS = YES;
				CLANG_WARN_DIRECT_OBJC_ISA_USAGE = YES_ERROR;
				CLANG_WARN_DOCUMENTATION_COMMENTS = YES;
				CLANG_WARN_EMPTY_BODY = YES;
				CLANG_WARN_ENUM_CONVERSION = YES;
				CLANG_WARN_INFINITE_RECURSION = YES;
				CLANG_WARN_INT_CONVERSION = YES;
				CLANG_WARN_NON_LITERAL_NULL_CONVERSION = YES;
				CLANG_WARN_OBJC_IMPLICIT_RETAIN_SELF = YES;
				CLANG_WARN_OBJC_LITERAL_CONVERSION = YES;
				CLANG_WARN_OBJC_ROOT_CLASS = YES_ERROR;
				CLANG_WARN_QUOTED_INCLUDE_IN_FRAMEWORK_HEADER = YES;
				CLANG_WARN_RANGE_LOOP_ANALYSIS = YES;
				CLANG_WARN_STRICT_PROTOTYPES = YES;
				CLANG_WARN_SUSPICIOUS_MOVE = YES;
				CLANG_WARN_UNGUARDED_AVAILABILITY = YES_AGGRESSIVE;
				CLANG_WARN_UNREACHABLE_CODE = YES;
				CLANG_WARN__DUPLICATE_METHOD_MATCH = YES;
				COPY_PHASE_STRIP = NO;
				DEBUG_INFORMATION_FORMAT = "dwarf-with-dsym";
				ENABLE_NS_ASSERTIONS = NO;
				ENABLE_STRICT_OBJC_MSGSEND = YES;
				ENABLE_USER_SCRIPT_SANDBOXING = YES;
				GCC_C_LANGUAGE_STANDARD = gnu17;
				GCC_NO_COMMON_BLOCKS = YES;
				GCC_WARN_64_TO_32_BIT_CONVERSION = YES;
				GCC_WARN_ABOUT_RETURN_TYPE = YES_ERROR;
				GCC_WARN_UNDECLARED_SELECTOR = YES;
				GCC_WARN_UNINITIALIZED_AUTOS = YES_AGGRESSIVE;
				GCC_WARN_UNUSED_FUNCTION = YES;
				GCC_WARN_UNUSED_VARIABLE = YES;
				IPHONEOS_DEPLOYMENT_TARGET = 17.2;
				LOCALIZATION_PREFERS_STRING_CATALOGS = YES;
				MTL_ENABLE_DEBUG_INFO = NO;
				MTL_FAST_MATH = YES;
				SDKROOT = iphoneos;
				SWIFT_COMPILATION_MODE = wholemodule;
				VALIDATE_PRODUCT = YES;
			};
			name = Release;
		};
		A0F8EBDD2C60C7DA00A4499E /* Debug */ = {
			isa = XCBuildConfiguration;
			buildSettings = {
				ASSETCATALOG_COMPILER_APPICON_NAME = AppIcon;
				ASSETCATALOG_COMPILER_GLOBAL_ACCENT_COLOR_NAME = AccentColor;
				CODE_SIGN_STYLE = Automatic;
				CURRENT_PROJECT_VERSION = 1;
				DEVELOPMENT_TEAM = ZQ7TZ3Q272;
				GENERATE_INFOPLIST_FILE = YES;
				INFOPLIST_FILE = MVVMDemo/Info.plist;
				INFOPLIST_KEY_UIApplicationSupportsIndirectInputEvents = YES;
				INFOPLIST_KEY_UILaunchStoryboardName = LaunchScreen;
				INFOPLIST_KEY_UIMainStoryboardFile = Main;
				INFOPLIST_KEY_UISupportedInterfaceOrientations_iPad = "UIInterfaceOrientationPortrait UIInterfaceOrientationPortraitUpsideDown UIInterfaceOrientationLandscapeLeft UIInterfaceOrientationLandscapeRight";
				INFOPLIST_KEY_UISupportedInterfaceOrientations_iPhone = "UIInterfaceOrientationPortrait UIInterfaceOrientationLandscapeLeft UIInterfaceOrientationLandscapeRight";
				LD_RUNPATH_SEARCH_PATHS = (
					"$(inherited)",
					"@executable_path/Frameworks",
				);
				MARKETING_VERSION = 1.0;
				PRODUCT_BUNDLE_IDENTIFIER = com.yanni.MVVMDemo;
				PRODUCT_NAME = "$(TARGET_NAME)";
				SWIFT_EMIT_LOC_STRINGS = YES;
				SWIFT_VERSION = 5.0;
				TARGETED_DEVICE_FAMILY = "1,2";
			};
			name = Debug;
		};
		A0F8EBDE2C60C7DA00A4499E /* Release */ = {
			isa = XCBuildConfiguration;
			buildSettings = {
				ASSETCATALOG_COMPILER_APPICON_NAME = AppIcon;
				ASSETCATALOG_COMPILER_GLOBAL_ACCENT_COLOR_NAME = AccentColor;
				CODE_SIGN_STYLE = Automatic;
				CURRENT_PROJECT_VERSION = 1;
				DEVELOPMENT_TEAM = ZQ7TZ3Q272;
				GENERATE_INFOPLIST_FILE = YES;
				INFOPLIST_FILE = MVVMDemo/Info.plist;
				INFOPLIST_KEY_UIApplicationSupportsIndirectInputEvents = YES;
				INFOPLIST_KEY_UILaunchStoryboardName = LaunchScreen;
				INFOPLIST_KEY_UIMainStoryboardFile = Main;
				INFOPLIST_KEY_UISupportedInterfaceOrientations_iPad = "UIInterfaceOrientationPortrait UIInterfaceOrientationPortraitUpsideDown UIInterfaceOrientationLandscapeLeft UIInterfaceOrientationLandscapeRight";
				INFOPLIST_KEY_UISupportedInterfaceOrientations_iPhone = "UIInterfaceOrientationPortrait UIInterfaceOrientationLandscapeLeft UIInterfaceOrientationLandscapeRight";
				LD_RUNPATH_SEARCH_PATHS = (
					"$(inherited)",
					"@executable_path/Frameworks",
				);
				MARKETING_VERSION = 1.0;
				PRODUCT_BUNDLE_IDENTIFIER = com.yanni.MVVMDemo;
				PRODUCT_NAME = "$(TARGET_NAME)";
				SWIFT_EMIT_LOC_STRINGS = YES;
				SWIFT_VERSION = 5.0;
				TARGETED_DEVICE_FAMILY = "1,2";
			};
			name = Release;
		};
		A0F8EBE02C60C7DA00A4499E /* Debug */ = {
			isa = XCBuildConfiguration;
			buildSettings = {
				ALWAYS_EMBED_SWIFT_STANDARD_LIBRARIES = YES;
				BUNDLE_LOADER = "$(TEST_HOST)";
				CODE_SIGN_STYLE = Automatic;
				CURRENT_PROJECT_VERSION = 1;
				DEVELOPMENT_TEAM = ZQ7TZ3Q272;
				GENERATE_INFOPLIST_FILE = YES;
				IPHONEOS_DEPLOYMENT_TARGET = 17.2;
				MARKETING_VERSION = 1.0;
				PRODUCT_BUNDLE_IDENTIFIER = com.yanni.MVVMDemoTests;
				PRODUCT_NAME = "$(TARGET_NAME)";
				SWIFT_EMIT_LOC_STRINGS = NO;
				SWIFT_VERSION = 5.0;
				TARGETED_DEVICE_FAMILY = "1,2";
				TEST_HOST = "$(BUILT_PRODUCTS_DIR)/MVVMDemo.app/$(BUNDLE_EXECUTABLE_FOLDER_PATH)/MVVMDemo";
			};
			name = Debug;
		};
		A0F8EBE12C60C7DA00A4499E /* Release */ = {
			isa = XCBuildConfiguration;
			buildSettings = {
				ALWAYS_EMBED_SWIFT_STANDARD_LIBRARIES = YES;
				BUNDLE_LOADER = "$(TEST_HOST)";
				CODE_SIGN_STYLE = Automatic;
				CURRENT_PROJECT_VERSION = 1;
				DEVELOPMENT_TEAM = ZQ7TZ3Q272;
				GENERATE_INFOPLIST_FILE = YES;
				IPHONEOS_DEPLOYMENT_TARGET = 17.2;
				MARKETING_VERSION = 1.0;
				PRODUCT_BUNDLE_IDENTIFIER = com.yanni.MVVMDemoTests;
				PRODUCT_NAME = "$(TARGET_NAME)";
				SWIFT_EMIT_LOC_STRINGS = NO;
				SWIFT_VERSION = 5.0;
				TARGETED_DEVICE_FAMILY = "1,2";
				TEST_HOST = "$(BUILT_PRODUCTS_DIR)/MVVMDemo.app/$(BUNDLE_EXECUTABLE_FOLDER_PATH)/MVVMDemo";
			};
			name = Release;
		};
/* End XCBuildConfiguration section */

/* Begin XCConfigurationList section */
		A0F8EBAD2C60C7D900A4499E /* Build configuration list for PBXProject "MVVMDemo" */ = {
			isa = XCConfigurationList;
			buildConfigurations = (
				A0F8EBDA2C60C7DA00A4499E /* Debug */,
				A0F8EBDB2C60C7DA00A4499E /* Release */,
			);
			defaultConfigurationIsVisible = 0;
			defaultConfigurationName = Release;
		};
		A0F8EBDC2C60C7DA00A4499E /* Build configuration list for PBXNativeTarget "MVVMDemo" */ = {
			isa = XCConfigurationList;
			buildConfigurations = (
				A0F8EBDD2C60C7DA00A4499E /* Debug */,
				A0F8EBDE2C60C7DA00A4499E /* Release */,
			);
			defaultConfigurationIsVisible = 0;
			defaultConfigurationName = Release;
		};
		A0F8EBDF2C60C7DA00A4499E /* Build configuration list for PBXNativeTarget "MVVMDemoTests" */ = {
			isa = XCConfigurationList;
			buildConfigurations = (
				A0F8EBE02C60C7DA00A4499E /* Debug */,
				A0F8EBE12C60C7DA00A4499E /* Release */,
			);
			defaultConfigurationIsVisible = 0;
			defaultConfigurationName = Release;
		};
/* End XCConfigurationList section */
	};
	rootObject = A0F8EBAA2C60C7D900A4499E /* Project object */;
}
